{
  "nodes": {
    "dev-nixpkgs": {
      "locked": {
        "lastModified": 1747542820,
        "narHash": "sha256-GaOZntlJ6gPPbbkTLjbd8BMWaDYafhuuYRNrxCGnPJw=",
        "owner": "NixOS",
        "repo": "nixpkgs",
        "rev": "292fa7d4f6519c074f0a50394dbbe69859bb6043",
        "type": "github"
      },
      "original": {
        "owner": "NixOS",
        "ref": "nixpkgs-unstable",
        "repo": "nixpkgs",
        "type": "github"
      }
    },
    "flake-compat": {
      "locked": {
        "lastModified": 1733328505,
        "narHash": "sha256-NeCCThCEP3eCl2l/+27kNNK7QrwZB1IJCrXfrbv5oqU=",
        "owner": "edolstra",
        "repo": "flake-compat",
        "rev": "ff81ac966bb2cae68946d5ed5fc4994f96d0ffec",
        "type": "github"
      },
      "original": {
        "owner": "edolstra",
        "repo": "flake-compat",
        "type": "github"
      }
    },
    "git-hooks": {
      "inputs": {
        "flake-compat": [
          "flake-compat"
        ],
        "gitignore": "gitignore",
        "nixpkgs": [
          "dev-nixpkgs"
        ]
      },
      "locked": {
        "lastModified": 1742649964,
        "narHash": "sha256-DwOTp7nvfi8mRfuL1escHDXabVXFGT1VlPD1JHrtrco=",
        "owner": "cachix",
        "repo": "git-hooks.nix",
        "rev": "dcf5072734cb576d2b0c59b2ac44f5050b5eac82",
        "type": "github"
      },
      "original": {
        "owner": "cachix",
        "repo": "git-hooks.nix",
        "type": "github"
      }
    },
    "gitignore": {
      "inputs": {
        "nixpkgs": [
          "git-hooks",
          "nixpkgs"
        ]
      },
      "locked": {
        "lastModified": 1747763032,
        "narHash": "sha256-9j3oCbemeH7bTVXJ3pDWxOptbxDx2SdK1jY2AHpjQiw=",
        "owner": "nix-community",
        "repo": "home-manager",
        "rev": "29dda415f5b2178278283856c6f9f7b48a2a4353",
        "type": "github"
      },
      "original": {
        "owner": "hercules-ci",
        "repo": "gitignore.nix",
        "type": "github"
      }
    },
    "home-manager": {
      "inputs": {
        "nixpkgs": [
          "dev-nixpkgs"
        ]
      },
      "locked": {
        "lastModified": 1747279714,
        "narHash": "sha256-UdxlE8yyrKiGq3bgGyJ78AdFwh+fuRAruKtyFY5Zq5I=",
        "owner": "nix-community",
        "repo": "home-manager",
        "rev": "954615c510c9faa3ee7fb6607ff72e55905e69f2",
        "type": "github"
      },
      "original": {
        "owner": "nix-community",
        "repo": "home-manager",
        "type": "github"
      }
    },
    "root": {
      "inputs": {
        "dev-nixpkgs": "dev-nixpkgs",
        "flake-compat": "flake-compat",
        "git-hooks": "git-hooks",
        "home-manager": "home-manager"
      }
    }
  },
  "root": "root",
  "version": 7
}
